
Microsoft Visual Studio Solution File, Format Version 12.00
# Visual Studio Version 17
VisualStudioVersion = 17.5.33516.290
MinimumVisualStudioVersion = 10.0.40219.1
Project("{FAE04EC0-301F-11D3-BF4B-00C04F79EFBC}") = "LoginAPI", "LoginAPI\LoginAPI.csproj", "{ED70F8B9-DFFD-44A7-BA7F-41847CBB6305}"
EndProject
Project("{FAE04EC0-301F-11D3-BF4B-00C04F79EFBC}") = "Admin_BookAPI", "Admin_BookAPI\Admin_BookAPI.csproj", "{73FFF2F3-EACE-4819-88E3-12609669D843}"
EndProject
Global
	GlobalSection(SolutionConfigurationPlatforms) = preSolution
		Debug|Any CPU = Debug|Any CPU
		Release|Any CPU = Release|Any CPU
	EndGlobalSection
	GlobalSection(ProjectConfigurationPlatforms) = postSolution
		{ED70F8B9-DFFD-44A7-BA7F-41847CBB6305}.Debug|Any CPU.ActiveCfg = Debug|Any CPU
		{ED70F8B9-DFFD-44A7-BA7F-41847CBB6305}.Debug|Any CPU.Build.0 = Debug|Any CPU
		{ED70F8B9-DFFD-44A7-BA7F-41847CBB6305}.Release|Any CPU.ActiveCfg = Release|Any CPU
		{ED70F8B9-DFFD-44A7-BA7F-41847CBB6305}.Release|Any CPU.Build.0 = Release|Any CPU
		{73FFF2F3-EACE-4819-88E3-12609669D843}.Debug|Any CPU.ActiveCfg = Debug|Any CPU
		{73FFF2F3-EACE-4819-88E3-12609669D843}.Debug|Any CPU.Build.0 = Debug|Any CPU
		{73FFF2F3-EACE-4819-88E3-12609669D843}.Release|Any CPU.ActiveCfg = Release|Any CPU
		{73FFF2F3-EACE-4819-88E3-12609669D843}.Release|Any CPU.Build.0 = Release|Any CPU
	EndGlobalSection
	GlobalSection(SolutionProperties) = preSolution
		HideSolutionNode = FALSE
	EndGlobalSection
	GlobalSection(ExtensibilityGlobals) = postSolution
		SolutionGuid = {05C64E4D-DA9D-4ECD-8111-180ED37C9CE3}
	EndGlobalSection
EndGlobal
